
Microsoft Visual Studio Solution File, Format Version 12.00
# Visual Studio Version 17
VisualStudioVersion = 17.13.35931.197 d17.13
MinimumVisualStudioVersion = 10.0.40219.1
Project("{FAE04EC0-301F-11D3-BF4B-00C04F79EFBC}") = "MiPrimeraWebPersonal", "MiPrimeraWebPersonal\MiPrimeraWebPersonal.csproj", "{12225E1C-54BA-4AA6-8009-F93A083F8FBC}"
EndProject
Global
	GlobalSection(SolutionConfigurationPlatforms) = preSolution
		Debug|Any CPU = Debug|Any CPU
		Release|Any CPU = Release|Any CPU
	EndGlobalSection
	GlobalSection(ProjectConfigurationPlatforms) = postSolution
		{12225E1C-54BA-4AA6-8009-F93A083F8FBC}.Debug|Any CPU.ActiveCfg = Debug|Any CPU
		{12225E1C-54BA-4AA6-8009-F93A083F8FBC}.Debug|Any CPU.Build.0 = Debug|Any CPU
		{12225E1C-54BA-4AA6-8009-F93A083F8FBC}.Release|Any CPU.ActiveCfg = Release|Any CPU
		{12225E1C-54BA-4AA6-8009-F93A083F8FBC}.Release|Any CPU.Build.0 = Release|Any CPU
	EndGlobalSection
	GlobalSection(SolutionProperties) = preSolution
		HideSolutionNode = FALSE
	EndGlobalSection
	GlobalSection(ExtensibilityGlobals) = postSolution
		SolutionGuid = {0376AF9B-507F-4D88-A980-7237BDF382D4}
	EndGlobalSection
EndGlobal
